
Microsoft Visual Studio Solution File, Format Version 12.00
# Visual Studio 15
VisualStudioVersion = 15.0.26403.3
MinimumVisualStudioVersion = 10.0.40219.1
Project("{8BC9CEB8-8B4A-11D0-8D11-00A0C91BC942}") = "NumericalAnalysis", "NumericalAnalysis\NumericalAnalysis.vcxproj", "{CF239C7E-7383-4F97-9DB5-B9C4724A27EC}"
EndProject
Project("{8BC9CEB8-8B4A-11D0-8D11-00A0C91BC942}") = "NewtonMethod", "NewtonMethod\NewtonMethod.vcxproj", "{EF7112D4-3B81-464D-8F26-25B3B2867ABF}"
EndProject
Project("{8BC9CEB8-8B4A-11D0-8D11-00A0C91BC942}") = "squareRoot", "squareRoot\squareRoot.vcxproj", "{6BBA0DC0-9A90-4B5C-8511-96C5DFC557E8}"
EndProject
Project("{8BC9CEB8-8B4A-11D0-8D11-00A0C91BC942}") = "Bisection", "Bisection\Bisection.vcxproj", "{7419C84C-CA28-4476-882B-2763F791161E}"
EndProject
Project("{8BC9CEB8-8B4A-11D0-8D11-00A0C91BC942}") = "FixedPointIteration", "FixedPointIteration\FixedPointIteration.vcxproj", "{48EF5DAB-2F4F-4AEC-8DED-45D606103924}"
EndProject
Project("{8BC9CEB8-8B4A-11D0-8D11-00A0C91BC942}") = "exp_x", "exp_x\exp_x.vcxproj", "{2B3332A0-D1EF-4DCA-BAE7-3F63F2D3E8EB}"
EndProject
Global
	GlobalSection(SolutionConfigurationPlatforms) = preSolution
		Debug|x64 = Debug|x64
		Debug|x86 = Debug|x86
		Release|x64 = Release|x64
		Release|x86 = Release|x86
	EndGlobalSection
	GlobalSection(ProjectConfigurationPlatforms) = postSolution
		{CF239C7E-7383-4F97-9DB5-B9C4724A27EC}.Debug|x64.ActiveCfg = Debug|x64
		{CF239C7E-7383-4F97-9DB5-B9C4724A27EC}.Debug|x64.Build.0 = Debug|x64
		{CF239C7E-7383-4F97-9DB5-B9C4724A27EC}.Debug|x86.ActiveCfg = Debug|Win32
		{CF239C7E-7383-4F97-9DB5-B9C4724A27EC}.Debug|x86.Build.0 = Debug|Win32
		{CF239C7E-7383-4F97-9DB5-B9C4724A27EC}.Release|x64.ActiveCfg = Release|x64
		{CF239C7E-7383-4F97-9DB5-B9C4724A27EC}.Release|x64.Build.0 = Release|x64
		{CF239C7E-7383-4F97-9DB5-B9C4724A27EC}.Release|x86.ActiveCfg = Release|Win32
		{CF239C7E-7383-4F97-9DB5-B9C4724A27EC}.Release|x86.Build.0 = Release|Win32
		{EF7112D4-3B81-464D-8F26-25B3B2867ABF}.Debug|x64.ActiveCfg = Debug|x64
		{EF7112D4-3B81-464D-8F26-25B3B2867ABF}.Debug|x64.Build.0 = Debug|x64
		{EF7112D4-3B81-464D-8F26-25B3B2867ABF}.Debug|x86.ActiveCfg = Debug|Win32
		{EF7112D4-3B81-464D-8F26-25B3B2867ABF}.Debug|x86.Build.0 = Debug|Win32
		{EF7112D4-3B81-464D-8F26-25B3B2867ABF}.Release|x64.ActiveCfg = Release|x64
		{EF7112D4-3B81-464D-8F26-25B3B2867ABF}.Release|x64.Build.0 = Release|x64
		{EF7112D4-3B81-464D-8F26-25B3B2867ABF}.Release|x86.ActiveCfg = Release|Win32
		{EF7112D4-3B81-464D-8F26-25B3B2867ABF}.Release|x86.Build.0 = Release|Win32
		{6BBA0DC0-9A90-4B5C-8511-96C5DFC557E8}.Debug|x64.ActiveCfg = Debug|x64
		{6BBA0DC0-9A90-4B5C-8511-96C5DFC557E8}.Debug|x64.Build.0 = Debug|x64
		{6BBA0DC0-9A90-4B5C-8511-96C5DFC557E8}.Debug|x86.ActiveCfg = Debug|Win32
		{6BBA0DC0-9A90-4B5C-8511-96C5DFC557E8}.Debug|x86.Build.0 = Debug|Win32
		{6BBA0DC0-9A90-4B5C-8511-96C5DFC557E8}.Release|x64.ActiveCfg = Release|x64
		{6BBA0DC0-9A90-4B5C-8511-96C5DFC557E8}.Release|x64.Build.0 = Release|x64
		{6BBA0DC0-9A90-4B5C-8511-96C5DFC557E8}.Release|x86.ActiveCfg = Release|Win32
		{6BBA0DC0-9A90-4B5C-8511-96C5DFC557E8}.Release|x86.Build.0 = Release|Win32
		{7419C84C-CA28-4476-882B-2763F791161E}.Debug|x64.ActiveCfg = Debug|x64
		{7419C84C-CA28-4476-882B-2763F791161E}.Debug|x64.Build.0 = Debug|x64
		{7419C84C-CA28-4476-882B-2763F791161E}.Debug|x86.ActiveCfg = Debug|Win32
		{7419C84C-CA28-4476-882B-2763F791161E}.Debug|x86.Build.0 = Debug|Win32
		{7419C84C-CA28-4476-882B-2763F791161E}.Release|x64.ActiveCfg = Release|x64
		{7419C84C-CA28-4476-882B-2763F791161E}.Release|x64.Build.0 = Release|x64
		{7419C84C-CA28-4476-882B-2763F791161E}.Release|x86.ActiveCfg = Release|Win32
		{7419C84C-CA28-4476-882B-2763F791161E}.Release|x86.Build.0 = Release|Win32
		{48EF5DAB-2F4F-4AEC-8DED-45D606103924}.Debug|x64.ActiveCfg = Debug|x64
		{48EF5DAB-2F4F-4AEC-8DED-45D606103924}.Debug|x64.Build.0 = Debug|x64
		{48EF5DAB-2F4F-4AEC-8DED-45D606103924}.Debug|x86.ActiveCfg = Debug|Win32
		{48EF5DAB-2F4F-4AEC-8DED-45D606103924}.Debug|x86.Build.0 = Debug|Win32
		{48EF5DAB-2F4F-4AEC-8DED-45D606103924}.Release|x64.ActiveCfg = Release|x64
		{48EF5DAB-2F4F-4AEC-8DED-45D606103924}.Release|x64.Build.0 = Release|x64
		{48EF5DAB-2F4F-4AEC-8DED-45D606103924}.Release|x86.ActiveCfg = Release|Win32
		{48EF5DAB-2F4F-4AEC-8DED-45D606103924}.Release|x86.Build.0 = Release|Win32
		{2B3332A0-D1EF-4DCA-BAE7-3F63F2D3E8EB}.Debug|x64.ActiveCfg = Debug|x64
		{2B3332A0-D1EF-4DCA-BAE7-3F63F2D3E8EB}.Debug|x64.Build.0 = Debug|x64
		{2B3332A0-D1EF-4DCA-BAE7-3F63F2D3E8EB}.Debug|x86.ActiveCfg = Debug|Win32
		{2B3332A0-D1EF-4DCA-BAE7-3F63F2D3E8EB}.Debug|x86.Build.0 = Debug|Win32
		{2B3332A0-D1EF-4DCA-BAE7-3F63F2D3E8EB}.Release|x64.ActiveCfg = Release|x64
		{2B3332A0-D1EF-4DCA-BAE7-3F63F2D3E8EB}.Release|x64.Build.0 = Release|x64
		{2B3332A0-D1EF-4DCA-BAE7-3F63F2D3E8EB}.Release|x86.ActiveCfg = Release|Win32
		{2B3332A0-D1EF-4DCA-BAE7-3F63F2D3E8EB}.Release|x86.Build.0 = Release|Win32
	EndGlobalSection
	GlobalSection(SolutionProperties) = preSolution
		HideSolutionNode = FALSE
	EndGlobalSection
EndGlobal
